# This file is autogenerated, do not edit; changes may be undone by the next 'dep ensure'.


[[projects]]
  name = "github.com/google/go-cmp"
  packages = ["cmp","cmp/internal/diff","cmp/internal/function","cmp/internal/value"]
  revision = "8099a9787ce5dc5984ed879a3bda47dc730a8e97"
  version = "v0.1.0"

[solve-meta]
  analyzer-name = "dep"
  analyzer-version = 1
  inputs-digest = "729e65b968d203aaca8a2b6d0571c3f69d56535e1c7de40b2515d2b6574b42e4"
  solver-name = "gps-cdcl"
  solver-version = 1
